// !$*UTF8*$!
{
	archiveVersion = 1;
	classes = {
	};
	objectVersion = 46;
	objects = {

/* Begin PBXBuildFile section */
		5640F4021A3ADC5900AECE0B /* main.m in Sources */ = {isa = PBXBuildFile; fileRef = 5640F4011A3ADC5900AECE0B /* main.m */; };
		5640F4051A3ADC5900AECE0B /* AppDelegate.m in Sources */ = {isa = PBXBuildFile; fileRef = 5640F4041A3ADC5900AECE0B /* AppDelegate.m */; };
		5640F4081A3ADC5900AECE0B /* ViewController.m in Sources */ = {isa = PBXBuildFile; fileRef = 5640F4071A3ADC5900AECE0B /* ViewController.m */; };
		5640F40B1A3ADC5900AECE0B /* Main.storyboard in Resources */ = {isa = PBXBuildFile; fileRef = 5640F4091A3ADC5900AECE0B /* Main.storyboard */; };
		5640F40D1A3ADC5900AECE0B /* Images.xcassets in Resources */ = {isa = PBXBuildFile; fileRef = 5640F40C1A3ADC5900AECE0B /* Images.xcassets */; };
		5640F4101A3ADC5900AECE0B /* LaunchScreen.xib in Resources */ = {isa = PBXBuildFile; fileRef = 5640F40E1A3ADC5900AECE0B /* LaunchScreen.xib */; };
		5640F41C1A3ADC5900AECE0B /* CPReactiveCocoaTests.m in Sources */ = {isa = PBXBuildFile; fileRef = 5640F41B1A3ADC5900AECE0B /* CPReactiveCocoaTests.m */; };
		5640F4431A3ED1FA00AECE0B /* ReactiveCocoa.framework in Frameworks */ = {isa = PBXBuildFile; fileRef = 5640F43C1A3ED1D000AECE0B /* ReactiveCocoa.framework */; };
/* End PBXBuildFile section */

/* Begin PBXContainerItemProxy section */
		5640F4161A3ADC5900AECE0B /* PBXContainerItemProxy */ = {
			isa = PBXContainerItemProxy;
			containerPortal = 5640F3F41A3ADC5900AECE0B /* Project object */;
			proxyType = 1;
			remoteGlobalIDString = 5640F3FB1A3ADC5900AECE0B;
			remoteInfo = CPReactiveCocoa;
		};
		5640F43B1A3ED1D000AECE0B /* PBXContainerItemProxy */ = {
			isa = PBXContainerItemProxy;
			containerPortal = 5640F4341A3ED1D000AECE0B /* ReactiveCocoa.xcodeproj */;
			proxyType = 2;
			remoteGlobalIDString = D04725EA19E49ED7006002AA;
			remoteInfo = "ReactiveCocoa-Mac";
		};
		5640F43D1A3ED1D000AECE0B /* PBXContainerItemProxy */ = {
			isa = PBXContainerItemProxy;
			containerPortal = 5640F4341A3ED1D000AECE0B /* ReactiveCocoa.xcodeproj */;
			proxyType = 2;
			remoteGlobalIDString = D04725F519E49ED7006002AA;
			remoteInfo = "ReactiveCocoa-MacTests";
		};
		5640F43F1A3ED1D000AECE0B /* PBXContainerItemProxy */ = {
			isa = PBXContainerItemProxy;
			containerPortal = 5640F4341A3ED1D000AECE0B /* ReactiveCocoa.xcodeproj */;
			proxyType = 2;
			remoteGlobalIDString = D047260C19E49F82006002AA;
			remoteInfo = "ReactiveCocoa-iOS";
		};
		5640F4411A3ED1D000AECE0B /* PBXContainerItemProxy */ = {
			isa = PBXContainerItemProxy;
			containerPortal = 5640F4341A3ED1D000AECE0B /* ReactiveCocoa.xcodeproj */;
			proxyType = 2;
			remoteGlobalIDString = D047261619E49F82006002AA;
			remoteInfo = "ReactiveCocoa-iOSTests";
		};
		5640F4441A3ED2CE00AECE0B /* PBXContainerItemProxy */ = {
			isa = PBXContainerItemProxy;
			containerPortal = 5640F4341A3ED1D000AECE0B /* ReactiveCocoa.xcodeproj */;
			proxyType = 1;
			remoteGlobalIDString = D047260B19E49F82006002AA;
			remoteInfo = "ReactiveCocoa-iOS";
		};
/* End PBXContainerItemProxy section */

/* Begin PBXFileReference section */
		5640F3FC1A3ADC5900AECE0B /* CPReactiveCocoa.app */ = {isa = PBXFileReference; explicitFileType = wrapper.application; includeInIndex = 0; path = CPReactiveCocoa.app; sourceTree = BUILT_PRODUCTS_DIR; };
		5640F4001A3ADC5900AECE0B /* Info.plist */ = {isa = PBXFileReference; lastKnownFileType = text.plist.xml; path = Info.plist; sourceTree = "<group>"; };
		5640F4011A3ADC5900AECE0B /* main.m */ = {isa = PBXFileReference; lastKnownFileType = sourcecode.c.objc; path = main.m; sourceTree = "<group>"; };
		5640F4031A3ADC5900AECE0B /* AppDelegate.h */ = {isa = PBXFileReference; lastKnownFileType = sourcecode.c.h; path = AppDelegate.h; sourceTree = "<group>"; };
		5640F4041A3ADC5900AECE0B /* AppDelegate.m */ = {isa = PBXFileReference; lastKnownFileType = sourcecode.c.objc; path = AppDelegate.m; sourceTree = "<group>"; };
		5640F4061A3ADC5900AECE0B /* ViewController.h */ = {isa = PBXFileReference; lastKnownFileType = sourcecode.c.h; path = ViewController.h; sourceTree = "<group>"; };
		5640F4071A3ADC5900AECE0B /* ViewController.m */ = {isa = PBXFileReference; lastKnownFileType = sourcecode.c.objc; path = ViewController.m; sourceTree = "<group>"; };
		5640F40A1A3ADC5900AECE0B /* Base */ = {isa = PBXFileReference; lastKnownFileType = file.storyboard; name = Base; path = Base.lproj/Main.storyboard; sourceTree = "<group>"; };
		5640F40C1A3ADC5900AECE0B /* Images.xcassets */ = {isa = PBXFileReference; lastKnownFileType = folder.assetcatalog; path = Images.xcassets; sourceTree = "<group>"; };
		5640F40F1A3ADC5900AECE0B /* Base */ = {isa = PBXFileReference; lastKnownFileType = file.xib; name = Base; path = Base.lproj/LaunchScreen.xib; sourceTree = "<group>"; };
		5640F4151A3ADC5900AECE0B /* CPReactiveCocoaTests.xctest */ = {isa = PBXFileReference; explicitFileType = wrapper.cfbundle; includeInIndex = 0; path = CPReactiveCocoaTests.xctest; sourceTree = BUILT_PRODUCTS_DIR; };
		5640F41A1A3ADC5900AECE0B /* Info.plist */ = {isa = PBXFileReference; lastKnownFileType = text.plist.xml; path = Info.plist; sourceTree = "<group>"; };
		5640F41B1A3ADC5900AECE0B /* CPReactiveCocoaTests.m */ = {isa = PBXFileReference; lastKnownFileType = sourcecode.c.objc; path = CPReactiveCocoaTests.m; sourceTree = "<group>"; };
		5640F4341A3ED1D000AECE0B /* ReactiveCocoa.xcodeproj */ = {isa = PBXFileReference; lastKnownFileType = "wrapper.pb-project"; name = ReactiveCocoa.xcodeproj; path = ../../../ReactiveCocoa/ReactiveCocoa.xcodeproj; sourceTree = "<group>"; };
/* End PBXFileReference section */

/* Begin PBXFrameworksBuildPhase section */
		5640F3F91A3ADC5900AECE0B /* Frameworks */ = {
			isa = PBXFrameworksBuildPhase;
			buildActionMask = 2147483647;
			files = (
				5640F4431A3ED1FA00AECE0B /* ReactiveCocoa.framework in Frameworks */,
			);
			runOnlyForDeploymentPostprocessing = 0;
		};
		5640F4121A3ADC5900AECE0B /* Frameworks */ = {
			isa = PBXFrameworksBuildPhase;
			buildActionMask = 2147483647;
			files = (
			);
			runOnlyForDeploymentPostprocessing = 0;
		};
/* End PBXFrameworksBuildPhase section */

/* Begin PBXGroup section */
		5640F3F31A3ADC5900AECE0B = {
			isa = PBXGroup;
			children = (
				5640F3FE1A3ADC5900AECE0B /* CPReactiveCocoa */,
				5640F4181A3ADC5900AECE0B /* CPReactiveCocoaTests */,
				5640F3FD1A3ADC5900AECE0B /* Products */,
				5640F4341A3ED1D000AECE0B /* ReactiveCocoa.xcodeproj */,
			);
			sourceTree = "<group>";
		};
		5640F3FD1A3ADC5900AECE0B /* Products */ = {
			isa = PBXGroup;
			children = (
				5640F3FC1A3ADC5900AECE0B /* CPReactiveCocoa.app */,
				5640F4151A3ADC5900AECE0B /* CPReactiveCocoaTests.xctest */,
			);
			name = Products;
			sourceTree = "<group>";
		};
		5640F3FE1A3ADC5900AECE0B /* CPReactiveCocoa */ = {
			isa = PBXGroup;
			children = (
				5640F4031A3ADC5900AECE0B /* AppDelegate.h */,
				5640F4041A3ADC5900AECE0B /* AppDelegate.m */,
				5640F4061A3ADC5900AECE0B /* ViewController.h */,
				5640F4071A3ADC5900AECE0B /* ViewController.m */,
				5640F4091A3ADC5900AECE0B /* Main.storyboard */,
				5640F40C1A3ADC5900AECE0B /* Images.xcassets */,
				5640F40E1A3ADC5900AECE0B /* LaunchScreen.xib */,
				5640F3FF1A3ADC5900AECE0B /* Supporting Files */,
			);
			path = CPReactiveCocoa;
			sourceTree = "<group>";
		};
		5640F3FF1A3ADC5900AECE0B /* Supporting Files */ = {
			isa = PBXGroup;
			children = (
				5640F4001A3ADC5900AECE0B /* Info.plist */,
				5640F4011A3ADC5900AECE0B /* main.m */,
			);
			name = "Supporting Files";
			sourceTree = "<group>";
		};
		5640F4181A3ADC5900AECE0B /* CPReactiveCocoaTests */ = {
			isa = PBXGroup;
			children = (
				5640F41B1A3ADC5900AECE0B /* CPReactiveCocoaTests.m */,
				5640F4191A3ADC5900AECE0B /* Supporting Files */,
			);
			path = CPReactiveCocoaTests;
			sourceTree = "<group>";
		};
		5640F4191A3ADC5900AECE0B /* Supporting Files */ = {
			isa = PBXGroup;
			children = (
				5640F41A1A3ADC5900AECE0B /* Info.plist */,
			);
			name = "Supporting Files";
			sourceTree = "<group>";
		};
		5640F4351A3ED1D000AECE0B /* Products */ = {
			isa = PBXGroup;
			children = (
				5640F43C1A3ED1D000AECE0B /* ReactiveCocoa.framework */,
				5640F43E1A3ED1D000AECE0B /* ReactiveCocoa-MacTests.xctest */,
				5640F4401A3ED1D000AECE0B /* ReactiveCocoa.framework */,
				5640F4421A3ED1D000AECE0B /* ReactiveCocoa-iOSTests.xctest */,
			);
			name = Products;
			sourceTree = "<group>";
		};
/* End PBXGroup section */

/* Begin PBXNativeTarget section */
		5640F3FB1A3ADC5900AECE0B /* CPReactiveCocoa */ = {
			isa = PBXNativeTarget;
			buildConfigurationList = 5640F41F1A3ADC5900AECE0B /* Build configuration list for PBXNativeTarget "CPReactiveCocoa" */;
			buildPhases = (
				5640F3F81A3ADC5900AECE0B /* Sources */,
				5640F3F91A3ADC5900AECE0B /* Frameworks */,
				5640F3FA1A3ADC5900AECE0B /* Resources */,
			);
			buildRules = (
			);
			dependencies = (
				5640F4451A3ED2CE00AECE0B /* PBXTargetDependency */,
			);
			name = CPReactiveCocoa;
			productName = CPReactiveCocoa;
			productReference = 5640F3FC1A3ADC5900AECE0B /* CPReactiveCocoa.app */;
			productType = "com.apple.product-type.application";
		};
		5640F4141A3ADC5900AECE0B /* CPReactiveCocoaTests */ = {
			isa = PBXNativeTarget;
			buildConfigurationList = 5640F4221A3ADC5900AECE0B /* Build configuration list for PBXNativeTarget "CPReactiveCocoaTests" */;
			buildPhases = (
				5640F4111A3ADC5900AECE0B /* Sources */,
				5640F4121A3ADC5900AECE0B /* Frameworks */,
				5640F4131A3ADC5900AECE0B /* Resources */,
			);
			buildRules = (
			);
			dependencies = (
				5640F4171A3ADC5900AECE0B /* PBXTargetDependency */,
			);
			name = CPReactiveCocoaTests;
			productName = CPReactiveCocoaTests;
			productReference = 5640F4151A3ADC5900AECE0B /* CPReactiveCocoaTests.xctest */;
			productType = "com.apple.product-type.bundle.unit-test";
		};
/* End PBXNativeTarget section */

/* Begin PBXProject section */
		5640F3F41A3ADC5900AECE0B /* Project object */ = {
			isa = PBXProject;
			attributes = {
				LastUpgradeCheck = 0610;
				ORGANIZATIONNAME = guafei;
				TargetAttributes = {
					5640F3FB1A3ADC5900AECE0B = {
						CreatedOnToolsVersion = 6.1;
					};
					5640F4141A3ADC5900AECE0B = {
						CreatedOnToolsVersion = 6.1;
						TestTargetID = 5640F3FB1A3ADC5900AECE0B;
					};
				};
			};
			buildConfigurationList = 5640F3F71A3ADC5900AECE0B /* Build configuration list for PBXProject "CPReactiveCocoa" */;
			compatibilityVersion = "Xcode 3.2";
			developmentRegion = English;
			hasScannedForEncodings = 0;
			knownRegions = (
				en,
				Base,
			);
			mainGroup = 5640F3F31A3ADC5900AECE0B;
			productRefGroup = 5640F3FD1A3ADC5900AECE0B /* Products */;
			projectDirPath = "";
			projectReferences = (
				{
					ProductGroup = 5640F4351A3ED1D000AECE0B /* Products */;
					ProjectRef = 5640F4341A3ED1D000AECE0B /* ReactiveCocoa.xcodeproj */;
				},
			);
			projectRoot = "";
			targets = (
				5640F3FB1A3ADC5900AECE0B /* CPReactiveCocoa */,
				5640F4141A3ADC5900AECE0B /* CPReactiveCocoaTests */,
			);
		};
/* End PBXProject section */

/* Begin PBXReferenceProxy section */
		5640F43C1A3ED1D000AECE0B /* ReactiveCocoa.framework */ = {
			isa = PBXReferenceProxy;
			fileType = wrapper.framework;
			path = ReactiveCocoa.framework;
			remoteRef = 5640F43B1A3ED1D000AECE0B /* PBXContainerItemProxy */;
			sourceTree = BUILT_PRODUCTS_DIR;
		};
		5640F43E1A3ED1D000AECE0B /* ReactiveCocoa-MacTests.xctest */ = {
			isa = PBXReferenceProxy;
			fileType = wrapper.cfbundle;
			path = "ReactiveCocoa-MacTests.xctest";
			remoteRef = 5640F43D1A3ED1D000AECE0B /* PBXContainerItemProxy */;
			sourceTree = BUILT_PRODUCTS_DIR;
		};
		5640F4401A3ED1D000AECE0B /* ReactiveCocoa.framework */ = {
			isa = PBXReferenceProxy;
			fileType = wrapper.framework;
			path = ReactiveCocoa.framework;
			remoteRef = 5640F43F1A3ED1D000AECE0B /* PBXContainerItemProxy */;
			sourceTree = BUILT_PRODUCTS_DIR;
		};
		5640F4421A3ED1D000AECE0B /* ReactiveCocoa-iOSTests.xctest */ = {
			isa = PBXReferenceProxy;
			fileType = wrapper.cfbundle;
			path = "ReactiveCocoa-iOSTests.xctest";
			remoteRef = 5640F4411A3ED1D000AECE0B /* PBXContainerItemProxy */;
			sourceTree = BUILT_PRODUCTS_DIR;
		};
/* End PBXReferenceProxy section */

/* Begin PBXResourcesBuildPhase section */
		5640F3FA1A3ADC5900AECE0B /* Resources */ = {
			isa = PBXResourcesBuildPhase;
			buildActionMask = 2147483647;
			files = (
				5640F40B1A3ADC5900AECE0B /* Main.storyboard in Resources */,
				5640F4101A3ADC5900AECE0B /* LaunchScreen.xib in Resources */,
				5640F40D1A3ADC5900AECE0B /* Images.xcassets in Resources */,
			);
			runOnlyForDeploymentPostprocessing = 0;
		};
		5640F4131A3ADC5900AECE0B /* Resources */ = {
			isa = PBXResourcesBuildPhase;
			buildActionMask = 2147483647;
			files = (
			);
			runOnlyForDeploymentPostprocessing = 0;
		};
/* End PBXResourcesBuildPhase section */

/* Begin PBXSourcesBuildPhase section */
		5640F3F81A3ADC5900AECE0B /* Sources */ = {
			isa = PBXSourcesBuildPhase;
			buildActionMask = 2147483647;
			files = (
				5640F4081A3ADC5900AECE0B /* ViewController.m in Sources */,
				5640F4051A3ADC5900AECE0B /* AppDelegate.m in Sources */,
				5640F4021A3ADC5900AECE0B /* main.m in Sources */,
			);
			runOnlyForDeploymentPostprocessing = 0;
		};
		5640F4111A3ADC5900AECE0B /* Sources */ = {
			isa = PBXSourcesBuildPhase;
			buildActionMask = 2147483647;
			files = (
				5640F41C1A3ADC5900AECE0B /* CPReactiveCocoaTests.m in Sources */,
			);
			runOnlyForDeploymentPostprocessing = 0;
		};
/* End PBXSourcesBuildPhase section */

/* Begin PBXTargetDependency section */
		5640F4171A3ADC5900AECE0B /* PBXTargetDependency */ = {
			isa = PBXTargetDependency;
			target = 5640F3FB1A3ADC5900AECE0B /* CPReactiveCocoa */;
			targetProxy = 5640F4161A3ADC5900AECE0B /* PBXContainerItemProxy */;
		};
		5640F4451A3ED2CE00AECE0B /* PBXTargetDependency */ = {
			isa = PBXTargetDependency;
			name = "ReactiveCocoa-iOS";
			targetProxy = 5640F4441A3ED2CE00AECE0B /* PBXContainerItemProxy */;
		};
/* End PBXTargetDependency section */

/* Begin PBXVariantGroup section */
		5640F4091A3ADC5900AECE0B /* Main.storyboard */ = {
			isa = PBXVariantGroup;
			children = (
				5640F40A1A3ADC5900AECE0B /* Base */,
			);
			name = Main.storyboard;
			sourceTree = "<group>";
		};
		5640F40E1A3ADC5900AECE0B /* LaunchScreen.xib */ = {
			isa = PBXVariantGroup;
			children = (
				5640F40F1A3ADC5900AECE0B /* Base */,
			);
			name = LaunchScreen.xib;
			sourceTree = "<group>";
		};
/* End PBXVariantGroup section */

/* Begin XCBuildConfiguration section */
		5640F41D1A3ADC5900AECE0B /* Debug */ = {
			isa = XCBuildConfiguration;
			buildSettings = {
				ALWAYS_SEARCH_USER_PATHS = NO;
				CLANG_CXX_LANGUAGE_STANDARD = "gnu++0x";
				CLANG_CXX_LIBRARY = "libc++";
				CLANG_ENABLE_MODULES = YES;
				CLANG_ENABLE_OBJC_ARC = YES;
				CLANG_WARN_BOOL_CONVERSION = YES;
				CLANG_WARN_CONSTANT_CONVERSION = YES;
				CLANG_WARN_DIRECT_OBJC_ISA_USAGE = YES_ERROR;
				CLANG_WARN_EMPTY_BODY = YES;
				CLANG_WARN_ENUM_CONVERSION = YES;
				CLANG_WARN_INT_CONVERSION = YES;
				CLANG_WARN_OBJC_ROOT_CLASS = YES_ERROR;
				CLANG_WARN_UNREACHABLE_CODE = YES;
				CLANG_WARN__DUPLICATE_METHOD_MATCH = YES;
				"CODE_SIGN_IDENTITY[sdk=iphoneos*]" = "iPhone Developer";
				COPY_PHASE_STRIP = NO;
				ENABLE_STRICT_OBJC_MSGSEND = YES;
				GCC_C_LANGUAGE_STANDARD = gnu99;
				GCC_DYNAMIC_NO_PIC = NO;
				GCC_OPTIMIZATION_LEVEL = 0;
				GCC_PREPROCESSOR_DEFINITIONS = (
					"DEBUG=1",
					"$(inherited)",
				);
				GCC_SYMBOLS_PRIVATE_EXTERN = NO;
				GCC_WARN_64_TO_32_BIT_CONVERSION = YES;
				GCC_WARN_ABOUT_RETURN_TYPE = YES_ERROR;
				GCC_WARN_UNDECLARED_SELECTOR = YES;
				GCC_WARN_UNINITIALIZED_AUTOS = YES_AGGRESSIVE;
				GCC_WARN_UNUSED_FUNCTION = YES;
				GCC_WARN_UNUSED_VARIABLE = YES;
				IPHONEOS_DEPLOYMENT_TARGET = 8.1;
				MTL_ENABLE_DEBUG_INFO = YES;
				ONLY_ACTIVE_ARCH = YES;
				SDKROOT = iphoneos;
			};
			name = Debug;
		};
		5640F41E1A3ADC5900AECE0B /* Release */ = {
			isa = XCBuildConfiguration;
			buildSettings = {
				ALWAYS_SEARCH_USER_PATHS = NO;
				CLANG_CXX_LANGUAGE_STANDARD = "gnu++0x";
				CLANG_CXX_LIBRARY = "libc++";
				CLANG_ENABLE_MODULES = YES;
				CLANG_ENABLE_OBJC_ARC = YES;
				CLANG_WARN_BOOL_CONVERSION = YES;
				CLANG_WARN_CONSTANT_CONVERSION = YES;
				CLANG_WARN_DIRECT_OBJC_ISA_USAGE = YES_ERROR;
				CLANG_WARN_EMPTY_BODY = YES;
				CLANG_WARN_ENUM_CONVERSION = YES;
				CLANG_WARN_INT_CONVERSION = YES;
				CLANG_WARN_OBJC_ROOT_CLASS = YES_ERROR;
				CLANG_WARN_UNREACHABLE_CODE = YES;
				CLANG_WARN__DUPLICATE_METHOD_MATCH = YES;
				"CODE_SIGN_IDENTITY[sdk=iphoneos*]" = "iPhone Developer";
				COPY_PHASE_STRIP = YES;
				ENABLE_NS_ASSERTIONS = NO;
				ENABLE_STRICT_OBJC_MSGSEND = YES;
				GCC_C_LANGUAGE_STANDARD = gnu99;
				GCC_WARN_64_TO_32_BIT_CONVERSION = YES;
				GCC_WARN_ABOUT_RETURN_TYPE = YES_ERROR;
				GCC_WARN_UNDECLARED_SELECTOR = YES;
				GCC_WARN_UNINITIALIZED_AUTOS = YES_AGGRESSIVE;
				GCC_WARN_UNUSED_FUNCTION = YES;
				GCC_WARN_UNUSED_VARIABLE = YES;
				IPHONEOS_DEPLOYMENT_TARGET = 8.1;
				MTL_ENABLE_DEBUG_INFO = NO;
				SDKROOT = iphoneos;
				VALIDATE_PRODUCT = YES;
			};
			name = Release;
		};
		5640F4201A3ADC5900AECE0B /* Debug */ = {
			isa = XCBuildConfiguration;
			buildSettings = {
				ASSETCATALOG_COMPILER_APPICON_NAME = AppIcon;
				HEADER_SEARCH_PATHS = (
					"$(inherited)",
					"/Applications/Xcode\\ 6.1.app/Contents/Developer/Toolchains/XcodeDefault.xctoolchain/usr/include",
					"$(BUILD_ROOT)/../IntermediateBuildFilesPath/UninstalledProducts/include",
				);
				INFOPLIST_FILE = CPReactiveCocoa/Info.plist;
				LD_RUNPATH_SEARCH_PATHS = "$(inherited) @executable_path/Frameworks";
				OTHER_LDFLAGS = "-ObjC";
				PRODUCT_NAME = "$(TARGET_NAME)";
			};
			name = Debug;
		};
		5640F4211A3ADC5900AECE0B /* Release */ = {
			isa = XCBuildConfiguration;
			buildSettings = {
				ASSETCATALOG_COMPILER_APPICON_NAME = AppIcon;
				HEADER_SEARCH_PATHS = (
					"$(inherited)",
					"/Applications/Xcode\\ 6.1.app/Contents/Developer/Toolchains/XcodeDefault.xctoolchain/usr/include",
					"$(BUILD_ROOT)/../IntermediateBuildFilesPath/UninstalledProducts/include",
				);
				INFOPLIST_FILE = CPReactiveCocoa/Info.plist;
				LD_RUNPATH_SEARCH_PATHS = "$(inherited) @executable_path/Frameworks";
				OTHER_LDFLAGS = "-ObjC";
				PRODUCT_NAME = "$(TARGET_NAME)";
			};
			name = Release;
		};
		5640F4231A3ADC5900AECE0B /* Debug */ = {
			isa = XCBuildConfiguration;
			buildSettings = {
				BUNDLE_LOADER = "$(TEST_HOST)";
				FRAMEWORK_SEARCH_PATHS = (
					"$(SDKROOT)/Developer/Library/Frameworks",
					"$(inherited)",
				);
				GCC_PREPROCESSOR_DEFINITIONS = (
					"DEBUG=1",
					"$(inherited)",
				);
				INFOPLIST_FILE = CPReactiveCocoaTests/Info.plist;
				LD_RUNPATH_SEARCH_PATHS = "$(inherited) @executable_path/Frameworks @loader_path/Frameworks";
				PRODUCT_NAME = "$(TARGET_NAME)";
				TEST_HOST = "$(BUILT_PRODUCTS_DIR)/CPReactiveCocoa.app/CPReactiveCocoa";
			};
			name = Debug;
		};
		5640F4241A3ADC5900AECE0B /* Release */ = {
			isa = XCBuildConfiguration;
			buildSettings = {
				BUNDLE_LOADER = "$(TEST_HOST)";
				FRAMEWORK_SEARCH_PATHS = (
					"$(SDKROOT)/Developer/Library/Frameworks",
					"$(inherited)",
				);
				INFOPLIST_FILE = CPReactiveCocoaTests/Info.plist;
				LD_RUNPATH_SEARCH_PATHS = "$(inherited) @executable_path/Frameworks @loader_path/Frameworks";
				PRODUCT_NAME = "$(TARGET_NAME)";
				TEST_HOST = "$(BUILT_PRODUCTS_DIR)/CPReactiveCocoa.app/CPReactiveCocoa";
			};
			name = Release;
		};
/* End XCBuildConfiguration section */

/* Begin XCConfigurationList section */
		5640F3F71A3ADC5900AECE0B /* Build configuration list for PBXProject "CPReactiveCocoa" */ = {
			isa = XCConfigurationList;
			buildConfigurations = (
				5640F41D1A3ADC5900AECE0B /* Debug */,
				5640F41E1A3ADC5900AECE0B /* Release */,
			);
			defaultConfigurationIsVisible = 0;
			defaultConfigurationName = Release;
		};
		5640F41F1A3ADC5900AECE0B /* Build configuration list for PBXNativeTarget "CPReactiveCocoa" */ = {
			isa = XCConfigurationList;
			buildConfigurations = (
				5640F4201A3ADC5900AECE0B /* Debug */,
				5640F4211A3ADC5900AECE0B /* Release */,
			);
			defaultConfigurationIsVisible = 0;
			defaultConfigurationName = Release;
		};
		5640F4221A3ADC5900AECE0B /* Build configuration list for PBXNativeTarget "CPReactiveCocoaTests" */ = {
			isa = XCConfigurationList;
			buildConfigurations = (
				5640F4231A3ADC5900AECE0B /* Debug */,
				5640F4241A3ADC5900AECE0B /* Release */,
			);
			defaultConfigurationIsVisible = 0;
			defaultConfigurationName = Release;
		};
/* End XCConfigurationList section */
	};
	rootObject = 5640F3F41A3ADC5900AECE0B /* Project object */;
}
